
Microsoft Visual Studio Solution File, Format Version 12.00
# Visual Studio Version 17
VisualStudioVersion = 17.8.34316.72
MinimumVisualStudioVersion = 10.0.40219.1
Project("{FAE04EC0-301F-11D3-BF4B-00C04F79EFBC}") = "Identity Management System", "Identity Management System\Identity Management System.csproj", "{791C8B4A-C50C-4A0F-945D-9E835BEB7CDE}"
EndProject
Project("{FAE04EC0-301F-11D3-BF4B-00C04F79EFBC}") = "Client", "Client\Client.csproj", "{5AAA982D-CD27-489B-A268-10349789EBBE}"
EndProject
Global
	GlobalSection(SolutionConfigurationPlatforms) = preSolution
		Debug|Any CPU = Debug|Any CPU
		Release|Any CPU = Release|Any CPU
	EndGlobalSection
	GlobalSection(ProjectConfigurationPlatforms) = postSolution
		{791C8B4A-C50C-4A0F-945D-9E835BEB7CDE}.Debug|Any CPU.ActiveCfg = Debug|Any CPU
		{791C8B4A-C50C-4A0F-945D-9E835BEB7CDE}.Debug|Any CPU.Build.0 = Debug|Any CPU
		{791C8B4A-C50C-4A0F-945D-9E835BEB7CDE}.Release|Any CPU.ActiveCfg = Release|Any CPU
		{791C8B4A-C50C-4A0F-945D-9E835BEB7CDE}.Release|Any CPU.Build.0 = Release|Any CPU
		{5AAA982D-CD27-489B-A268-10349789EBBE}.Debug|Any CPU.ActiveCfg = Debug|Any CPU
		{5AAA982D-CD27-489B-A268-10349789EBBE}.Debug|Any CPU.Build.0 = Debug|Any CPU
		{5AAA982D-CD27-489B-A268-10349789EBBE}.Release|Any CPU.ActiveCfg = Release|Any CPU
		{5AAA982D-CD27-489B-A268-10349789EBBE}.Release|Any CPU.Build.0 = Release|Any CPU
	EndGlobalSection
	GlobalSection(SolutionProperties) = preSolution
		HideSolutionNode = FALSE
	EndGlobalSection
	GlobalSection(ExtensibilityGlobals) = postSolution
		SolutionGuid = {86D2502C-5213-47DE-9A2A-D0F2D465950C}
	EndGlobalSection
EndGlobal
