
Microsoft Visual Studio Solution File, Format Version 12.00
# Visual Studio Version 17
VisualStudioVersion = 17.6.33829.357
MinimumVisualStudioVersion = 10.0.40219.1
Project("{FAE04EC0-301F-11D3-BF4B-00C04F79EFBC}") = "Catalog Service", "Catalog Service\Catalog Service.csproj", "{59110622-314F-431F-ACD7-6CA7E3F0265D}"
EndProject
Global
	GlobalSection(SolutionConfigurationPlatforms) = preSolution
		Debug|Any CPU = Debug|Any CPU
		Release|Any CPU = Release|Any CPU
	EndGlobalSection
	GlobalSection(ProjectConfigurationPlatforms) = postSolution
		{59110622-314F-431F-ACD7-6CA7E3F0265D}.Debug|Any CPU.ActiveCfg = Debug|Any CPU
		{59110622-314F-431F-ACD7-6CA7E3F0265D}.Debug|Any CPU.Build.0 = Debug|Any CPU
		{59110622-314F-431F-ACD7-6CA7E3F0265D}.Release|Any CPU.ActiveCfg = Release|Any CPU
		{59110622-314F-431F-ACD7-6CA7E3F0265D}.Release|Any CPU.Build.0 = Release|Any CPU
	EndGlobalSection
	GlobalSection(SolutionProperties) = preSolution
		HideSolutionNode = FALSE
	EndGlobalSection
	GlobalSection(ExtensibilityGlobals) = postSolution
		SolutionGuid = {65312426-6E44-46F0-8E51-C662078F1618}
	EndGlobalSection
EndGlobal
